{
  "name": "rt3",
  "version": "1.0.0",
  "lockfileVersion": 3,
  "requires": true,
  "packages": {
    "": {
      "name": "rt3",
      "version": "1.0.0",
      "dependencies": {
        "rt3modulo": "file:rt3modulo"
      },
      "devDependencies": {
        "typescript": "^5.9.3"
      }
    },
    "node_modules/rt3modulo": {
      "resolved": "rt3modulo",
      "link": true
    },
    "node_modules/typescript": {
      "version": "5.9.3",
      "resolved": "https://registry.npmjs.org/typescript/-/typescript-5.9.3.tgz",
      "integrity": "sha512-jl1vZzPDinLr9eUt3J/t7V6FgNEw9QjvBPdysz9KfQDD41fQrC2Y4vKQdiaUpFT4bXlb1RHhLpp8wtm6M5TgSw==",
      "dev": true,
      "bin": {
        "tsc": "bin/tsc",
        "tsserver": "bin/tsserver"
      },
      "engines": {
        "node": ">=14.17"
      }
    },
    "rt3modulo": {
      "version": "1.0.0",
      "license": "ISC",
      "devDependencies": {
        "typescript": "^5.9.3"
      }
    }
  }
}
